
Microsoft Visual Studio Solution File, Format Version 12.00
# Visual Studio Version 17
VisualStudioVersion = 17.7.34031.279
MinimumVisualStudioVersion = 10.0.40219.1
Project("{9A19103F-16F7-4668-BE54-9A1E7A4F7556}") = "Gestion.Blazor.Server", "Gestion.Blazor\Server\Gestion.Blazor.Server.csproj", "{5496DA80-556A-420C-86A5-C50D6BBE23DD}"
EndProject
Project("{9A19103F-16F7-4668-BE54-9A1E7A4F7556}") = "Gestion.Blazor.Client", "Gestion.Blazor\Client\Gestion.Blazor.Client.csproj", "{75F3049C-A389-4E1F-978C-AFD1F03093C2}"
EndProject
Project("{9A19103F-16F7-4668-BE54-9A1E7A4F7556}") = "Gestion.Blazor.Shared", "Gestion.Blazor\Shared\Gestion.Blazor.Shared.csproj", "{04DA2B3D-2AEB-4A2E-A662-898CFCF34E0B}"
EndProject
Global
	GlobalSection(SolutionConfigurationPlatforms) = preSolution
		Debug|Any CPU = Debug|Any CPU
		Release|Any CPU = Release|Any CPU
	EndGlobalSection
	GlobalSection(ProjectConfigurationPlatforms) = postSolution
		{5496DA80-556A-420C-86A5-C50D6BBE23DD}.Debug|Any CPU.ActiveCfg = Debug|Any CPU
		{5496DA80-556A-420C-86A5-C50D6BBE23DD}.Debug|Any CPU.Build.0 = Debug|Any CPU
		{5496DA80-556A-420C-86A5-C50D6BBE23DD}.Release|Any CPU.ActiveCfg = Release|Any CPU
		{5496DA80-556A-420C-86A5-C50D6BBE23DD}.Release|Any CPU.Build.0 = Release|Any CPU
		{75F3049C-A389-4E1F-978C-AFD1F03093C2}.Debug|Any CPU.ActiveCfg = Debug|Any CPU
		{75F3049C-A389-4E1F-978C-AFD1F03093C2}.Debug|Any CPU.Build.0 = Debug|Any CPU
		{75F3049C-A389-4E1F-978C-AFD1F03093C2}.Release|Any CPU.ActiveCfg = Release|Any CPU
		{75F3049C-A389-4E1F-978C-AFD1F03093C2}.Release|Any CPU.Build.0 = Release|Any CPU
		{04DA2B3D-2AEB-4A2E-A662-898CFCF34E0B}.Debug|Any CPU.ActiveCfg = Debug|Any CPU
		{04DA2B3D-2AEB-4A2E-A662-898CFCF34E0B}.Debug|Any CPU.Build.0 = Debug|Any CPU
		{04DA2B3D-2AEB-4A2E-A662-898CFCF34E0B}.Release|Any CPU.ActiveCfg = Release|Any CPU
		{04DA2B3D-2AEB-4A2E-A662-898CFCF34E0B}.Release|Any CPU.Build.0 = Release|Any CPU
	EndGlobalSection
	GlobalSection(SolutionProperties) = preSolution
		HideSolutionNode = FALSE
	EndGlobalSection
	GlobalSection(ExtensibilityGlobals) = postSolution
		SolutionGuid = {F503D14D-E6CA-42E9-BAA3-81AF6C8BCFD8}
	EndGlobalSection
EndGlobal
